
Microsoft Visual Studio Solution File, Format Version 12.00
# Visual Studio 15
VisualStudioVersion = 15.0.27428.2015
MinimumVisualStudioVersion = 10.0.40219.1
Project("{FAE04EC0-301F-11D3-BF4B-00C04F79EFBC}") = "Autonomous-GUI", "Autonomous-GUI\Autonomous-GUI.csproj", "{DBBFD5E9-DF1D-4020-A910-9C8992168B80}"
EndProject
Global
	GlobalSection(SolutionConfigurationPlatforms) = preSolution
		Debug|Any CPU = Debug|Any CPU
		Release|Any CPU = Release|Any CPU
	EndGlobalSection
	GlobalSection(ProjectConfigurationPlatforms) = postSolution
		{DBBFD5E9-DF1D-4020-A910-9C8992168B80}.Debug|Any CPU.ActiveCfg = Debug|Any CPU
		{DBBFD5E9-DF1D-4020-A910-9C8992168B80}.Debug|Any CPU.Build.0 = Debug|Any CPU
		{DBBFD5E9-DF1D-4020-A910-9C8992168B80}.Release|Any CPU.ActiveCfg = Release|Any CPU
		{DBBFD5E9-DF1D-4020-A910-9C8992168B80}.Release|Any CPU.Build.0 = Release|Any CPU
	EndGlobalSection
	GlobalSection(SolutionProperties) = preSolution
		HideSolutionNode = FALSE
	EndGlobalSection
	GlobalSection(ExtensibilityGlobals) = postSolution
		SolutionGuid = {02761F04-EFA9-4890-B889-5E28784803F2}
	EndGlobalSection
EndGlobal
