
Microsoft Visual Studio Solution File, Format Version 12.00
# Visual Studio 15
VisualStudioVersion = 15.0.27428.2015
MinimumVisualStudioVersion = 10.0.40219.1
Project("{FAE04EC0-301F-11D3-BF4B-00C04F79EFBC}") = "Tesetxml", "Tesetxml\Tesetxml.csproj", "{F1AC4AF1-2283-4E3B-A924-8DB09FE72B46}"
EndProject
Global
	GlobalSection(SolutionConfigurationPlatforms) = preSolution
		Debug|Any CPU = Debug|Any CPU
		Release|Any CPU = Release|Any CPU
	EndGlobalSection
	GlobalSection(ProjectConfigurationPlatforms) = postSolution
		{F1AC4AF1-2283-4E3B-A924-8DB09FE72B46}.Debug|Any CPU.ActiveCfg = Debug|Any CPU
		{F1AC4AF1-2283-4E3B-A924-8DB09FE72B46}.Debug|Any CPU.Build.0 = Debug|Any CPU
		{F1AC4AF1-2283-4E3B-A924-8DB09FE72B46}.Release|Any CPU.ActiveCfg = Release|Any CPU
		{F1AC4AF1-2283-4E3B-A924-8DB09FE72B46}.Release|Any CPU.Build.0 = Release|Any CPU
	EndGlobalSection
	GlobalSection(SolutionProperties) = preSolution
		HideSolutionNode = FALSE
	EndGlobalSection
	GlobalSection(ExtensibilityGlobals) = postSolution
		SolutionGuid = {6CBDC7EF-E78E-46B2-9622-59FB457449C9}
	EndGlobalSection
EndGlobal
